
Microsoft Visual Studio Solution File, Format Version 12.00
# Visual Studio 15
VisualStudioVersion = 15.0.28010.2016
MinimumVisualStudioVersion = 10.0.40219.1
Project("{FAE04EC0-301F-11D3-BF4B-00C04F79EFBC}") = "PartyInvites", "PartyInvites\PartyInvites.csproj", "{7C14D614-86EC-4D2D-8760-30AFC2080D1A}"
EndProject
Global
	GlobalSection(SolutionConfigurationPlatforms) = preSolution
		Debug|Any CPU = Debug|Any CPU
		Release|Any CPU = Release|Any CPU
	EndGlobalSection
	GlobalSection(ProjectConfigurationPlatforms) = postSolution
		{7C14D614-86EC-4D2D-8760-30AFC2080D1A}.Debug|Any CPU.ActiveCfg = Debug|Any CPU
		{7C14D614-86EC-4D2D-8760-30AFC2080D1A}.Debug|Any CPU.Build.0 = Debug|Any CPU
		{7C14D614-86EC-4D2D-8760-30AFC2080D1A}.Release|Any CPU.ActiveCfg = Release|Any CPU
		{7C14D614-86EC-4D2D-8760-30AFC2080D1A}.Release|Any CPU.Build.0 = Release|Any CPU
	EndGlobalSection
	GlobalSection(SolutionProperties) = preSolution
		HideSolutionNode = FALSE
	EndGlobalSection
	GlobalSection(ExtensibilityGlobals) = postSolution
		SolutionGuid = {B72040D6-318A-4102-A600-F8EBE7C61193}
	EndGlobalSection
EndGlobal
